Microsoft Visual Studio Solution File, Format Version 12.00
# Visual Studio Version 17
VisualStudioVersion = 17.5.2.0
MinimumVisualStudioVersion = 10.0.40219.1
Project("{FAE04EC0-301F-11D3-BF4B-00C04F79EFBC}") = "ChatApp.Api", "ChatApp.Api.csproj", "{EB3870E2-4E6A-9B26-8A21-5E88D86E0030}"
EndProject
Global
	GlobalSection(SolutionConfigurationPlatforms) = preSolution
		Debug|Any CPU = Debug|Any CPU
		Release|Any CPU = Release|Any CPU
	EndGlobalSection
	GlobalSection(ProjectConfigurationPlatforms) = postSolution
		{EB3870E2-4E6A-9B26-8A21-5E88D86E0030}.Debug|Any CPU.ActiveCfg = Debug|Any CPU
		{EB3870E2-4E6A-9B26-8A21-5E88D86E0030}.Debug|Any CPU.Build.0 = Debug|Any CPU
		{EB3870E2-4E6A-9B26-8A21-5E88D86E0030}.Release|Any CPU.ActiveCfg = Release|Any CPU
		{EB3870E2-4E6A-9B26-8A21-5E88D86E0030}.Release|Any CPU.Build.0 = Release|Any CPU
	EndGlobalSection
	GlobalSection(SolutionProperties) = preSolution
		HideSolutionNode = FALSE
	EndGlobalSection
	GlobalSection(ExtensibilityGlobals) = postSolution
		SolutionGuid = {D43482D4-64A6-4135-8114-4904F1FC64BB}
	EndGlobalSection
EndGlobal
